
Microsoft Visual Studio Solution File, Format Version 12.00
# Visual Studio Version 16
VisualStudioVersion = 16.0.29230.47
MinimumVisualStudioVersion = 10.0.40219.1
Project("{FAE04EC0-301F-11D3-BF4B-00C04F79EFBC}") = "Child", "Child\Child.csproj", "{D5758AC8-5E7B-4215-B79F-B5997FCEDD65}"
EndProject
Project("{FAE04EC0-301F-11D3-BF4B-00C04F79EFBC}") = "SpareWF", "SpareWF\SpareWF.csproj", "{A3058F7E-9D0C-4D1A-8ACB-98CED0CE43A6}"
EndProject
Project("{FAE04EC0-301F-11D3-BF4B-00C04F79EFBC}") = "Nazer", "Nazer\Nazer.csproj", "{90D925F5-3410-4651-853C-6511017FB65F}"
EndProject
Global
	GlobalSection(SolutionConfigurationPlatforms) = preSolution
		Debug|Any CPU = Debug|Any CPU
		Release|Any CPU = Release|Any CPU
	EndGlobalSection
	GlobalSection(ProjectConfigurationPlatforms) = postSolution
		{D5758AC8-5E7B-4215-B79F-B5997FCEDD65}.Debug|Any CPU.ActiveCfg = Debug|Any CPU
		{D5758AC8-5E7B-4215-B79F-B5997FCEDD65}.Debug|Any CPU.Build.0 = Debug|Any CPU
		{D5758AC8-5E7B-4215-B79F-B5997FCEDD65}.Release|Any CPU.ActiveCfg = Release|Any CPU
		{D5758AC8-5E7B-4215-B79F-B5997FCEDD65}.Release|Any CPU.Build.0 = Release|Any CPU
		{A3058F7E-9D0C-4D1A-8ACB-98CED0CE43A6}.Debug|Any CPU.ActiveCfg = Debug|Any CPU
		{A3058F7E-9D0C-4D1A-8ACB-98CED0CE43A6}.Debug|Any CPU.Build.0 = Debug|Any CPU
		{A3058F7E-9D0C-4D1A-8ACB-98CED0CE43A6}.Release|Any CPU.ActiveCfg = Release|Any CPU
		{A3058F7E-9D0C-4D1A-8ACB-98CED0CE43A6}.Release|Any CPU.Build.0 = Release|Any CPU
		{90D925F5-3410-4651-853C-6511017FB65F}.Debug|Any CPU.ActiveCfg = Debug|Any CPU
		{90D925F5-3410-4651-853C-6511017FB65F}.Debug|Any CPU.Build.0 = Debug|Any CPU
		{90D925F5-3410-4651-853C-6511017FB65F}.Release|Any CPU.ActiveCfg = Release|Any CPU
		{90D925F5-3410-4651-853C-6511017FB65F}.Release|Any CPU.Build.0 = Release|Any CPU
	EndGlobalSection
	GlobalSection(SolutionProperties) = preSolution
		HideSolutionNode = FALSE
	EndGlobalSection
	GlobalSection(ExtensibilityGlobals) = postSolution
		SolutionGuid = {01125255-7ED5-4C75-85BD-243FCC351D43}
	EndGlobalSection
EndGlobal
